
Microsoft Visual Studio Solution File, Format Version 12.00
# Visual Studio Version 17
VisualStudioVersion = 17.3.32804.467
MinimumVisualStudioVersion = 10.0.40219.1
Project("{9A19103F-16F7-4668-BE54-9A1E7A4F7556}") = "LT_Submission", "LT_consoleApp\LT_Submission.csproj", "{36237C98-9B1E-4CDD-B779-1FB38D18313A}"
EndProject
Project("{9A19103F-16F7-4668-BE54-9A1E7A4F7556}") = "UnitTest_proj", "UnitTest_proj\UnitTest_proj.csproj", "{7768A375-6E40-4ED5-9ECC-6BEAD7FBE81A}"
EndProject
Global
	GlobalSection(SolutionConfigurationPlatforms) = preSolution
		Debug|Any CPU = Debug|Any CPU
		Release|Any CPU = Release|Any CPU
	EndGlobalSection
	GlobalSection(ProjectConfigurationPlatforms) = postSolution
		{36237C98-9B1E-4CDD-B779-1FB38D18313A}.Debug|Any CPU.ActiveCfg = Debug|Any CPU
		{36237C98-9B1E-4CDD-B779-1FB38D18313A}.Debug|Any CPU.Build.0 = Debug|Any CPU
		{36237C98-9B1E-4CDD-B779-1FB38D18313A}.Release|Any CPU.ActiveCfg = Release|Any CPU
		{36237C98-9B1E-4CDD-B779-1FB38D18313A}.Release|Any CPU.Build.0 = Release|Any CPU
		{7768A375-6E40-4ED5-9ECC-6BEAD7FBE81A}.Debug|Any CPU.ActiveCfg = Debug|Any CPU
		{7768A375-6E40-4ED5-9ECC-6BEAD7FBE81A}.Debug|Any CPU.Build.0 = Debug|Any CPU
		{7768A375-6E40-4ED5-9ECC-6BEAD7FBE81A}.Release|Any CPU.ActiveCfg = Release|Any CPU
		{7768A375-6E40-4ED5-9ECC-6BEAD7FBE81A}.Release|Any CPU.Build.0 = Release|Any CPU
	EndGlobalSection
	GlobalSection(SolutionProperties) = preSolution
		HideSolutionNode = FALSE
	EndGlobalSection
	GlobalSection(ExtensibilityGlobals) = postSolution
		SolutionGuid = {4D0F29A9-7ACD-4C27-B3C3-C97139EAB5E6}
	EndGlobalSection
EndGlobal
